// !$*UTF8*$!
{
	archiveVersion = 1;
	classes = {
	};
	objectVersion = 46;
	objects = {

/* Begin PBXBuildFile section */
		EC06703E1EA0DBD700F7A8D6 /* main.m in Sources */ = {isa = PBXBuildFile; fileRef = EC06703D1EA0DBD700F7A8D6 /* main.m */; };
		EC0670411EA0DBD700F7A8D6 /* AppDelegate.m in Sources */ = {isa = PBXBuildFile; fileRef = EC0670401EA0DBD700F7A8D6 /* AppDelegate.m */; };
		EC0670441EA0DBD700F7A8D6 /* ViewController.m in Sources */ = {isa = PBXBuildFile; fileRef = EC0670431EA0DBD700F7A8D6 /* ViewController.m */; };
		EC0670471EA0DBD700F7A8D6 /* Main.storyboard in Resources */ = {isa = PBXBuildFile; fileRef = EC0670451EA0DBD700F7A8D6 /* Main.storyboard */; };
		EC0670491EA0DBD700F7A8D6 /* Assets.xcassets in Resources */ = {isa = PBXBuildFile; fileRef = EC0670481EA0DBD700F7A8D6 /* Assets.xcassets */; };
		EC06704C1EA0DBD700F7A8D6 /* LaunchScreen.storyboard in Resources */ = {isa = PBXBuildFile; fileRef = EC06704A1EA0DBD700F7A8D6 /* LaunchScreen.storyboard */; };
		EC0670551EA0DC8D00F7A8D6 /* Vehicule.m in Sources */ = {isa = PBXBuildFile; fileRef = EC0670541EA0DC8D00F7A8D6 /* Vehicule.m */; };
		EC0670581EA0FBD900F7A8D6 /* VehiculeHybride.m in Sources */ = {isa = PBXBuildFile; fileRef = EC0670571EA0FBD900F7A8D6 /* VehiculeHybride.m */; };
/* End PBXBuildFile section */

/* Begin PBXFileReference section */
		EC0670391EA0DBD700F7A8D6 /* 12_heritage.app */ = {isa = PBXFileReference; explicitFileType = wrapper.application; includeInIndex = 0; path = 12_heritage.app; sourceTree = BUILT_PRODUCTS_DIR; };
		EC06703D1EA0DBD700F7A8D6 /* main.m */ = {isa = PBXFileReference; lastKnownFileType = sourcecode.c.objc; path = main.m; sourceTree = "<group>"; };
		EC06703F1EA0DBD700F7A8D6 /* AppDelegate.h */ = {isa = PBXFileReference; lastKnownFileType = sourcecode.c.h; path = AppDelegate.h; sourceTree = "<group>"; };
		EC0670401EA0DBD700F7A8D6 /* AppDelegate.m */ = {isa = PBXFileReference; lastKnownFileType = sourcecode.c.objc; path = AppDelegate.m; sourceTree = "<group>"; };
		EC0670421EA0DBD700F7A8D6 /* ViewController.h */ = {isa = PBXFileReference; lastKnownFileType = sourcecode.c.h; path = ViewController.h; sourceTree = "<group>"; };
		EC0670431EA0DBD700F7A8D6 /* ViewController.m */ = {isa = PBXFileReference; lastKnownFileType = sourcecode.c.objc; path = ViewController.m; sourceTree = "<group>"; };
		EC0670461EA0DBD700F7A8D6 /* Base */ = {isa = PBXFileReference; lastKnownFileType = file.storyboard; name = Base; path = Base.lproj/Main.storyboard; sourceTree = "<group>"; };
		EC0670481EA0DBD700F7A8D6 /* Assets.xcassets */ = {isa = PBXFileReference; lastKnownFileType = folder.assetcatalog; path = Assets.xcassets; sourceTree = "<group>"; };
		EC06704B1EA0DBD700F7A8D6 /* Base */ = {isa = PBXFileReference; lastKnownFileType = file.storyboard; name = Base; path = Base.lproj/LaunchScreen.storyboard; sourceTree = "<group>"; };
		EC06704D1EA0DBD700F7A8D6 /* Info.plist */ = {isa = PBXFileReference; lastKnownFileType = text.plist.xml; path = Info.plist; sourceTree = "<group>"; };
		EC0670531EA0DC8D00F7A8D6 /* Vehicule.h */ = {isa = PBXFileReference; fileEncoding = 4; lastKnownFileType = sourcecode.c.h; path = Vehicule.h; sourceTree = "<group>"; };
		EC0670541EA0DC8D00F7A8D6 /* Vehicule.m */ = {isa = PBXFileReference; fileEncoding = 4; lastKnownFileType = sourcecode.c.objc; path = Vehicule.m; sourceTree = "<group>"; };
		EC0670561EA0FBD900F7A8D6 /* VehiculeHybride.h */ = {isa = PBXFileReference; fileEncoding = 4; lastKnownFileType = sourcecode.c.h; path = VehiculeHybride.h; sourceTree = "<group>"; };
		EC0670571EA0FBD900F7A8D6 /* VehiculeHybride.m */ = {isa = PBXFileReference; fileEncoding = 4; lastKnownFileType = sourcecode.c.objc; path = VehiculeHybride.m; sourceTree = "<group>"; };
/* End PBXFileReference section */

/* Begin PBXFrameworksBuildPhase section */
		EC0670361EA0DBD700F7A8D6 /* Frameworks */ = {
			isa = PBXFrameworksBuildPhase;
			buildActionMask = 2147483647;
			files = (
			);
			runOnlyForDeploymentPostprocessing = 0;
		};
/* End PBXFrameworksBuildPhase section */

/* Begin PBXGroup section */
		EC0670301EA0DBD700F7A8D6 = {
			isa = PBXGroup;
			children = (
				EC06703B1EA0DBD700F7A8D6 /* 12_heritage */,
				EC06703A1EA0DBD700F7A8D6 /* Products */,
			);
			sourceTree = "<group>";
		};
		EC06703A1EA0DBD700F7A8D6 /* Products */ = {
			isa = PBXGroup;
			children = (
				EC0670391EA0DBD700F7A8D6 /* 12_heritage.app */,
			);
			name = Products;
			sourceTree = "<group>";
		};
		EC06703B1EA0DBD700F7A8D6 /* 12_heritage */ = {
			isa = PBXGroup;
			children = (
				EC0670531EA0DC8D00F7A8D6 /* Vehicule.h */,
				EC0670541EA0DC8D00F7A8D6 /* Vehicule.m */,
				EC0670561EA0FBD900F7A8D6 /* VehiculeHybride.h */,
				EC0670571EA0FBD900F7A8D6 /* VehiculeHybride.m */,
				EC06703F1EA0DBD700F7A8D6 /* AppDelegate.h */,
				EC0670401EA0DBD700F7A8D6 /* AppDelegate.m */,
				EC0670421EA0DBD700F7A8D6 /* ViewController.h */,
				EC0670431EA0DBD700F7A8D6 /* ViewController.m */,
				EC0670451EA0DBD700F7A8D6 /* Main.storyboard */,
				EC0670481EA0DBD700F7A8D6 /* Assets.xcassets */,
				EC06704A1EA0DBD700F7A8D6 /* LaunchScreen.storyboard */,
				EC06704D1EA0DBD700F7A8D6 /* Info.plist */,
				EC06703C1EA0DBD700F7A8D6 /* Supporting Files */,
			);
			path = 12_heritage;
			sourceTree = "<group>";
		};
		EC06703C1EA0DBD700F7A8D6 /* Supporting Files */ = {
			isa = PBXGroup;
			children = (
				EC06703D1EA0DBD700F7A8D6 /* main.m */,
			);
			name = "Supporting Files";
			sourceTree = "<group>";
		};
/* End PBXGroup section */

/* Begin PBXNativeTarget section */
		EC0670381EA0DBD700F7A8D6 /* 12_heritage */ = {
			isa = PBXNativeTarget;
			buildConfigurationList = EC0670501EA0DBD700F7A8D6 /* Build configuration list for PBXNativeTarget "12_heritage" */;
			buildPhases = (
				EC0670351EA0DBD700F7A8D6 /* Sources */,
				EC0670361EA0DBD700F7A8D6 /* Frameworks */,
				EC0670371EA0DBD700F7A8D6 /* Resources */,
			);
			buildRules = (
			);
			dependencies = (
			);
			name = 12_heritage;
			productName = 12_heritage;
			productReference = EC0670391EA0DBD700F7A8D6 /* 12_heritage.app */;
			productType = "com.apple.product-type.application";
		};
/* End PBXNativeTarget section */

/* Begin PBXProject section */
		EC0670311EA0DBD700F7A8D6 /* Project object */ = {
			isa = PBXProject;
			attributes = {
				LastUpgradeCheck = 0830;
				ORGANIZATIONNAME = etudiant;
				TargetAttributes = {
					EC0670381EA0DBD700F7A8D6 = {
						CreatedOnToolsVersion = 8.3;
						ProvisioningStyle = Automatic;
					};
				};
			};
			buildConfigurationList = EC0670341EA0DBD700F7A8D6 /* Build configuration list for PBXProject "12_heritage" */;
			compatibilityVersion = "Xcode 3.2";
			developmentRegion = English;
			hasScannedForEncodings = 0;
			knownRegions = (
				en,
				Base,
			);
			mainGroup = EC0670301EA0DBD700F7A8D6;
			productRefGroup = EC06703A1EA0DBD700F7A8D6 /* Products */;
			projectDirPath = "";
			projectRoot = "";
			targets = (
				EC0670381EA0DBD700F7A8D6 /* 12_heritage */,
			);
		};
/* End PBXProject section */

/* Begin PBXResourcesBuildPhase section */
		EC0670371EA0DBD700F7A8D6 /* Resources */ = {
			isa = PBXResourcesBuildPhase;
			buildActionMask = 2147483647;
			files = (
				EC06704C1EA0DBD700F7A8D6 /* LaunchScreen.storyboard in Resources */,
				EC0670491EA0DBD700F7A8D6 /* Assets.xcassets in Resources */,
				EC0670471EA0DBD700F7A8D6 /* Main.storyboard in Resources */,
			);
			runOnlyForDeploymentPostprocessing = 0;
		};
/* End PBXResourcesBuildPhase section */

/* Begin PBXSourcesBuildPhase section */
		EC0670351EA0DBD700F7A8D6 /* Sources */ = {
			isa = PBXSourcesBuildPhase;
			buildActionMask = 2147483647;
			files = (
				EC0670441EA0DBD700F7A8D6 /* ViewController.m in Sources */,
				EC0670411EA0DBD700F7A8D6 /* AppDelegate.m in Sources */,
				EC0670551EA0DC8D00F7A8D6 /* Vehicule.m in Sources */,
				EC06703E1EA0DBD700F7A8D6 /* main.m in Sources */,
				EC0670581EA0FBD900F7A8D6 /* VehiculeHybride.m in Sources */,
			);
			runOnlyForDeploymentPostprocessing = 0;
		};
/* End PBXSourcesBuildPhase section */

/* Begin PBXVariantGroup section */
		EC0670451EA0DBD700F7A8D6 /* Main.storyboard */ = {
			isa = PBXVariantGroup;
			children = (
				EC0670461EA0DBD700F7A8D6 /* Base */,
			);
			name = Main.storyboard;
			sourceTree = "<group>";
		};
		EC06704A1EA0DBD700F7A8D6 /* LaunchScreen.storyboard */ = {
			isa = PBXVariantGroup;
			children = (
				EC06704B1EA0DBD700F7A8D6 /* Base */,
			);
			name = LaunchScreen.storyboard;
			sourceTree = "<group>";
		};
/* End PBXVariantGroup section */

/* Begin XCBuildConfiguration section */
		EC06704E1EA0DBD700F7A8D6 /* Debug */ = {
			isa = XCBuildConfiguration;
			buildSettings = {
				ALWAYS_SEARCH_USER_PATHS = NO;
				CLANG_ANALYZER_NONNULL = YES;
				CLANG_ANALYZER_NUMBER_OBJECT_CONVERSION = YES_AGGRESSIVE;
				CLANG_CXX_LANGUAGE_STANDARD = "gnu++0x";
				CLANG_CXX_LIBRARY = "libc++";
				CLANG_ENABLE_MODULES = YES;
				CLANG_ENABLE_OBJC_ARC = YES;
				CLANG_WARN_BOOL_CONVERSION = YES;
				CLANG_WARN_CONSTANT_CONVERSION = YES;
				CLANG_WARN_DIRECT_OBJC_ISA_USAGE = YES_ERROR;
				CLANG_WARN_DOCUMENTATION_COMMENTS = YES;
				CLANG_WARN_EMPTY_BODY = YES;
				CLANG_WARN_ENUM_CONVERSION = YES;
				CLANG_WARN_INFINITE_RECURSION = YES;
				CLANG_WARN_INT_CONVERSION = YES;
				CLANG_WARN_OBJC_ROOT_CLASS = YES_ERROR;
				CLANG_WARN_SUSPICIOUS_MOVE = YES;
				CLANG_WARN_UNREACHABLE_CODE = YES;
				CLANG_WARN__DUPLICATE_METHOD_MATCH = YES;
				"CODE_SIGN_IDENTITY[sdk=iphoneos*]" = "iPhone Developer";
				COPY_PHASE_STRIP = NO;
				DEBUG_INFORMATION_FORMAT = dwarf;
				ENABLE_STRICT_OBJC_MSGSEND = YES;
				ENABLE_TESTABILITY = YES;
				GCC_C_LANGUAGE_STANDARD = gnu99;
				GCC_DYNAMIC_NO_PIC = NO;
				GCC_NO_COMMON_BLOCKS = YES;
				GCC_OPTIMIZATION_LEVEL = 0;
				GCC_PREPROCESSOR_DEFINITIONS = (
					"DEBUG=1",
					"$(inherited)",
				);
				GCC_WARN_64_TO_32_BIT_CONVERSION = YES;
				GCC_WARN_ABOUT_RETURN_TYPE = YES_ERROR;
				GCC_WARN_UNDECLARED_SELECTOR = YES;
				GCC_WARN_UNINITIALIZED_AUTOS = YES_AGGRESSIVE;
				GCC_WARN_UNUSED_FUNCTION = YES;
				GCC_WARN_UNUSED_VARIABLE = YES;
				IPHONEOS_DEPLOYMENT_TARGET = 10.3;
				MTL_ENABLE_DEBUG_INFO = YES;
				ONLY_ACTIVE_ARCH = YES;
				SDKROOT = iphoneos;
				TARGETED_DEVICE_FAMILY = "1,2";
			};
			name = Debug;
		};
		EC06704F1EA0DBD700F7A8D6 /* Release */ = {
			isa = XCBuildConfiguration;
			buildSettings = {
				ALWAYS_SEARCH_USER_PATHS = NO;
				CLANG_ANALYZER_NONNULL = YES;
				CLANG_ANALYZER_NUMBER_OBJECT_CONVERSION = YES_AGGRESSIVE;
				CLANG_CXX_LANGUAGE_STANDARD = "gnu++0x";
				CLANG_CXX_LIBRARY = "libc++";
				CLANG_ENABLE_MODULES = YES;
				CLANG_ENABLE_OBJC_ARC = YES;
				CLANG_WARN_BOOL_CONVERSION = YES;
				CLANG_WARN_CONSTANT_CONVERSION = YES;
				CLANG_WARN_DIRECT_OBJC_ISA_USAGE = YES_ERROR;
				CLANG_WARN_DOCUMENTATION_COMMENTS = YES;
				CLANG_WARN_EMPTY_BODY = YES;
				CLANG_WARN_ENUM_CONVERSION = YES;
				CLANG_WARN_INFINITE_RECURSION = YES;
				CLANG_WARN_INT_CONVERSION = YES;
				CLANG_WARN_OBJC_ROOT_CLASS = YES_ERROR;
				CLANG_WARN_SUSPICIOUS_MOVE = YES;
				CLANG_WARN_UNREACHABLE_CODE = YES;
				CLANG_WARN__DUPLICATE_METHOD_MATCH = YES;
				"CODE_SIGN_IDENTITY[sdk=iphoneos*]" = "iPhone Developer";
				COPY_PHASE_STRIP = NO;
				DEBUG_INFORMATION_FORMAT = "dwarf-with-dsym";
				ENABLE_NS_ASSERTIONS = NO;
				ENABLE_STRICT_OBJC_MSGSEND = YES;
				GCC_C_LANGUAGE_STANDARD = gnu99;
				GCC_NO_COMMON_BLOCKS = YES;
				GCC_WARN_64_TO_32_BIT_CONVERSION = YES;
				GCC_WARN_ABOUT_RETURN_TYPE = YES_ERROR;
				GCC_WARN_UNDECLARED_SELECTOR = YES;
				GCC_WARN_UNINITIALIZED_AUTOS = YES_AGGRESSIVE;
				GCC_WARN_UNUSED_FUNCTION = YES;
				GCC_WARN_UNUSED_VARIABLE = YES;
				IPHONEOS_DEPLOYMENT_TARGET = 10.3;
				MTL_ENABLE_DEBUG_INFO = NO;
				SDKROOT = iphoneos;
				TARGETED_DEVICE_FAMILY = "1,2";
				VALIDATE_PRODUCT = YES;
			};
			name = Release;
		};
		EC0670511EA0DBD700F7A8D6 /* Debug */ = {
			isa = XCBuildConfiguration;
			buildSettings = {
				ASSETCATALOG_COMPILER_APPICON_NAME = AppIcon;
				INFOPLIST_FILE = 12_heritage/Info.plist;
				LD_RUNPATH_SEARCH_PATHS = "$(inherited) @executable_path/Frameworks";
				PRODUCT_BUNDLE_IDENTIFIER = "com.etudiant.-2-heritage";
				PRODUCT_NAME = "$(TARGET_NAME)";
			};
			name = Debug;
		};
		EC0670521EA0DBD700F7A8D6 /* Release */ = {
			isa = XCBuildConfiguration;
			buildSettings = {
				ASSETCATALOG_COMPILER_APPICON_NAME = AppIcon;
				INFOPLIST_FILE = 12_heritage/Info.plist;
				LD_RUNPATH_SEARCH_PATHS = "$(inherited) @executable_path/Frameworks";
				PRODUCT_BUNDLE_IDENTIFIER = "com.etudiant.-2-heritage";
				PRODUCT_NAME = "$(TARGET_NAME)";
			};
			name = Release;
		};
/* End XCBuildConfiguration section */

/* Begin XCConfigurationList section */
		EC0670341EA0DBD700F7A8D6 /* Build configuration list for PBXProject "12_heritage" */ = {
			isa = XCConfigurationList;
			buildConfigurations = (
				EC06704E1EA0DBD700F7A8D6 /* Debug */,
				EC06704F1EA0DBD700F7A8D6 /* Release */,
			);
			defaultConfigurationIsVisible = 0;
			defaultConfigurationName = Release;
		};
		EC0670501EA0DBD700F7A8D6 /* Build configuration list for PBXNativeTarget "12_heritage" */ = {
			isa = XCConfigurationList;
			buildConfigurations = (
				EC0670511EA0DBD700F7A8D6 /* Debug */,
				EC0670521EA0DBD700F7A8D6 /* Release */,
			);
			defaultConfigurationIsVisible = 0;
		};
/* End XCConfigurationList section */
	};
	rootObject = EC0670311EA0DBD700F7A8D6 /* Project object */;
}
