// !$*UTF8*$!
{
	archiveVersion = 1;
	classes = {
	};
	objectVersion = 46;
	objects = {

/* Begin PBXBuildFile section */
		ECC3AD851EC33E150068692B /* AppDelegate.swift in Sources */ = {isa = PBXBuildFile; fileRef = ECC3AD841EC33E150068692B /* AppDelegate.swift */; };
		ECC3AD871EC33E150068692B /* ViewController.swift in Sources */ = {isa = PBXBuildFile; fileRef = ECC3AD861EC33E150068692B /* ViewController.swift */; };
		ECC3AD8A1EC33E150068692B /* Main.storyboard in Resources */ = {isa = PBXBuildFile; fileRef = ECC3AD881EC33E150068692B /* Main.storyboard */; };
		ECC3AD8C1EC33E150068692B /* Assets.xcassets in Resources */ = {isa = PBXBuildFile; fileRef = ECC3AD8B1EC33E150068692B /* Assets.xcassets */; };
		ECC3AD8F1EC33E150068692B /* LaunchScreen.storyboard in Resources */ = {isa = PBXBuildFile; fileRef = ECC3AD8D1EC33E150068692B /* LaunchScreen.storyboard */; };
/* End PBXBuildFile section */

/* Begin PBXFileReference section */
		ECC3AD811EC33E150068692B /* 01_Deviner.app */ = {isa = PBXFileReference; explicitFileType = wrapper.application; includeInIndex = 0; path = 01_Deviner.app; sourceTree = BUILT_PRODUCTS_DIR; };
		ECC3AD841EC33E150068692B /* AppDelegate.swift */ = {isa = PBXFileReference; lastKnownFileType = sourcecode.swift; path = AppDelegate.swift; sourceTree = "<group>"; };
		ECC3AD861EC33E150068692B /* ViewController.swift */ = {isa = PBXFileReference; lastKnownFileType = sourcecode.swift; path = ViewController.swift; sourceTree = "<group>"; };
		ECC3AD891EC33E150068692B /* Base */ = {isa = PBXFileReference; lastKnownFileType = file.storyboard; name = Base; path = Base.lproj/Main.storyboard; sourceTree = "<group>"; };
		ECC3AD8B1EC33E150068692B /* Assets.xcassets */ = {isa = PBXFileReference; lastKnownFileType = folder.assetcatalog; path = Assets.xcassets; sourceTree = "<group>"; };
		ECC3AD8E1EC33E150068692B /* Base */ = {isa = PBXFileReference; lastKnownFileType = file.storyboard; name = Base; path = Base.lproj/LaunchScreen.storyboard; sourceTree = "<group>"; };
		ECC3AD901EC33E150068692B /* Info.plist */ = {isa = PBXFileReference; lastKnownFileType = text.plist.xml; path = Info.plist; sourceTree = "<group>"; };
/* End PBXFileReference section */

/* Begin PBXFrameworksBuildPhase section */
		ECC3AD7E1EC33E150068692B /* Frameworks */ = {
			isa = PBXFrameworksBuildPhase;
			buildActionMask = 2147483647;
			files = (
			);
			runOnlyForDeploymentPostprocessing = 0;
		};
/* End PBXFrameworksBuildPhase section */

/* Begin PBXGroup section */
		ECC3AD781EC33E150068692B = {
			isa = PBXGroup;
			children = (
				ECC3AD831EC33E150068692B /* 01_Deviner */,
				ECC3AD821EC33E150068692B /* Products */,
			);
			sourceTree = "<group>";
		};
		ECC3AD821EC33E150068692B /* Products */ = {
			isa = PBXGroup;
			children = (
				ECC3AD811EC33E150068692B /* 01_Deviner.app */,
			);
			name = Products;
			sourceTree = "<group>";
		};
		ECC3AD831EC33E150068692B /* 01_Deviner */ = {
			isa = PBXGroup;
			children = (
				ECC3AD841EC33E150068692B /* AppDelegate.swift */,
				ECC3AD861EC33E150068692B /* ViewController.swift */,
				ECC3AD881EC33E150068692B /* Main.storyboard */,
				ECC3AD8B1EC33E150068692B /* Assets.xcassets */,
				ECC3AD8D1EC33E150068692B /* LaunchScreen.storyboard */,
				ECC3AD901EC33E150068692B /* Info.plist */,
			);
			path = 01_Deviner;
			sourceTree = "<group>";
		};
/* End PBXGroup section */

/* Begin PBXNativeTarget section */
		ECC3AD801EC33E150068692B /* 01_Deviner */ = {
			isa = PBXNativeTarget;
			buildConfigurationList = ECC3AD931EC33E150068692B /* Build configuration list for PBXNativeTarget "01_Deviner" */;
			buildPhases = (
				ECC3AD7D1EC33E150068692B /* Sources */,
				ECC3AD7E1EC33E150068692B /* Frameworks */,
				ECC3AD7F1EC33E150068692B /* Resources */,
			);
			buildRules = (
			);
			dependencies = (
			);
			name = 01_Deviner;
			productName = 01_Deviner;
			productReference = ECC3AD811EC33E150068692B /* 01_Deviner.app */;
			productType = "com.apple.product-type.application";
		};
/* End PBXNativeTarget section */

/* Begin PBXProject section */
		ECC3AD791EC33E150068692B /* Project object */ = {
			isa = PBXProject;
			attributes = {
				LastSwiftUpdateCheck = 0830;
				LastUpgradeCheck = 0830;
				ORGANIZATIONNAME = etudiant;
				TargetAttributes = {
					ECC3AD801EC33E150068692B = {
						CreatedOnToolsVersion = 8.3;
						ProvisioningStyle = Automatic;
					};
				};
			};
			buildConfigurationList = ECC3AD7C1EC33E150068692B /* Build configuration list for PBXProject "01_Deviner" */;
			compatibilityVersion = "Xcode 3.2";
			developmentRegion = English;
			hasScannedForEncodings = 0;
			knownRegions = (
				en,
				Base,
			);
			mainGroup = ECC3AD781EC33E150068692B;
			productRefGroup = ECC3AD821EC33E150068692B /* Products */;
			projectDirPath = "";
			projectRoot = "";
			targets = (
				ECC3AD801EC33E150068692B /* 01_Deviner */,
			);
		};
/* End PBXProject section */

/* Begin PBXResourcesBuildPhase section */
		ECC3AD7F1EC33E150068692B /* Resources */ = {
			isa = PBXResourcesBuildPhase;
			buildActionMask = 2147483647;
			files = (
				ECC3AD8F1EC33E150068692B /* LaunchScreen.storyboard in Resources */,
				ECC3AD8C1EC33E150068692B /* Assets.xcassets in Resources */,
				ECC3AD8A1EC33E150068692B /* Main.storyboard in Resources */,
			);
			runOnlyForDeploymentPostprocessing = 0;
		};
/* End PBXResourcesBuildPhase section */

/* Begin PBXSourcesBuildPhase section */
		ECC3AD7D1EC33E150068692B /* Sources */ = {
			isa = PBXSourcesBuildPhase;
			buildActionMask = 2147483647;
			files = (
				ECC3AD871EC33E150068692B /* ViewController.swift in Sources */,
				ECC3AD851EC33E150068692B /* AppDelegate.swift in Sources */,
			);
			runOnlyForDeploymentPostprocessing = 0;
		};
/* End PBXSourcesBuildPhase section */

/* Begin PBXVariantGroup section */
		ECC3AD881EC33E150068692B /* Main.storyboard */ = {
			isa = PBXVariantGroup;
			children = (
				ECC3AD891EC33E150068692B /* Base */,
			);
			name = Main.storyboard;
			sourceTree = "<group>";
		};
		ECC3AD8D1EC33E150068692B /* LaunchScreen.storyboard */ = {
			isa = PBXVariantGroup;
			children = (
				ECC3AD8E1EC33E150068692B /* Base */,
			);
			name = LaunchScreen.storyboard;
			sourceTree = "<group>";
		};
/* End PBXVariantGroup section */

/* Begin XCBuildConfiguration section */
		ECC3AD911EC33E150068692B /* Debug */ = {
			isa = XCBuildConfiguration;
			buildSettings = {
				ALWAYS_SEARCH_USER_PATHS = NO;
				CLANG_ANALYZER_NONNULL = YES;
				CLANG_ANALYZER_NUMBER_OBJECT_CONVERSION = YES_AGGRESSIVE;
				CLANG_CXX_LANGUAGE_STANDARD = "gnu++0x";
				CLANG_CXX_LIBRARY = "libc++";
				CLANG_ENABLE_MODULES = YES;
				CLANG_ENABLE_OBJC_ARC = YES;
				CLANG_WARN_BOOL_CONVERSION = YES;
				CLANG_WARN_CONSTANT_CONVERSION = YES;
				CLANG_WARN_DIRECT_OBJC_ISA_USAGE = YES_ERROR;
				CLANG_WARN_DOCUMENTATION_COMMENTS = YES;
				CLANG_WARN_EMPTY_BODY = YES;
				CLANG_WARN_ENUM_CONVERSION = YES;
				CLANG_WARN_INFINITE_RECURSION = YES;
				CLANG_WARN_INT_CONVERSION = YES;
				CLANG_WARN_OBJC_ROOT_CLASS = YES_ERROR;
				CLANG_WARN_SUSPICIOUS_MOVE = YES;
				CLANG_WARN_UNREACHABLE_CODE = YES;
				CLANG_WARN__DUPLICATE_METHOD_MATCH = YES;
				"CODE_SIGN_IDENTITY[sdk=iphoneos*]" = "iPhone Developer";
				COPY_PHASE_STRIP = NO;
				DEBUG_INFORMATION_FORMAT = dwarf;
				ENABLE_STRICT_OBJC_MSGSEND = YES;
				ENABLE_TESTABILITY = YES;
				GCC_C_LANGUAGE_STANDARD = gnu99;
				GCC_DYNAMIC_NO_PIC = NO;
				GCC_NO_COMMON_BLOCKS = YES;
				GCC_OPTIMIZATION_LEVEL = 0;
				GCC_PREPROCESSOR_DEFINITIONS = (
					"DEBUG=1",
					"$(inherited)",
				);
				GCC_WARN_64_TO_32_BIT_CONVERSION = YES;
				GCC_WARN_ABOUT_RETURN_TYPE = YES_ERROR;
				GCC_WARN_UNDECLARED_SELECTOR = YES;
				GCC_WARN_UNINITIALIZED_AUTOS = YES_AGGRESSIVE;
				GCC_WARN_UNUSED_FUNCTION = YES;
				GCC_WARN_UNUSED_VARIABLE = YES;
				IPHONEOS_DEPLOYMENT_TARGET = 10.3;
				MTL_ENABLE_DEBUG_INFO = YES;
				ONLY_ACTIVE_ARCH = YES;
				SDKROOT = iphoneos;
				SWIFT_ACTIVE_COMPILATION_CONDITIONS = DEBUG;
				SWIFT_OPTIMIZATION_LEVEL = "-Onone";
				TARGETED_DEVICE_FAMILY = "1,2";
			};
			name = Debug;
		};
		ECC3AD921EC33E150068692B /* Release */ = {
			isa = XCBuildConfiguration;
			buildSettings = {
				ALWAYS_SEARCH_USER_PATHS = NO;
				CLANG_ANALYZER_NONNULL = YES;
				CLANG_ANALYZER_NUMBER_OBJECT_CONVERSION = YES_AGGRESSIVE;
				CLANG_CXX_LANGUAGE_STANDARD = "gnu++0x";
				CLANG_CXX_LIBRARY = "libc++";
				CLANG_ENABLE_MODULES = YES;
				CLANG_ENABLE_OBJC_ARC = YES;
				CLANG_WARN_BOOL_CONVERSION = YES;
				CLANG_WARN_CONSTANT_CONVERSION = YES;
				CLANG_WARN_DIRECT_OBJC_ISA_USAGE = YES_ERROR;
				CLANG_WARN_DOCUMENTATION_COMMENTS = YES;
				CLANG_WARN_EMPTY_BODY = YES;
				CLANG_WARN_ENUM_CONVERSION = YES;
				CLANG_WARN_INFINITE_RECURSION = YES;
				CLANG_WARN_INT_CONVERSION = YES;
				CLANG_WARN_OBJC_ROOT_CLASS = YES_ERROR;
				CLANG_WARN_SUSPICIOUS_MOVE = YES;
				CLANG_WARN_UNREACHABLE_CODE = YES;
				CLANG_WARN__DUPLICATE_METHOD_MATCH = YES;
				"CODE_SIGN_IDENTITY[sdk=iphoneos*]" = "iPhone Developer";
				COPY_PHASE_STRIP = NO;
				DEBUG_INFORMATION_FORMAT = "dwarf-with-dsym";
				ENABLE_NS_ASSERTIONS = NO;
				ENABLE_STRICT_OBJC_MSGSEND = YES;
				GCC_C_LANGUAGE_STANDARD = gnu99;
				GCC_NO_COMMON_BLOCKS = YES;
				GCC_WARN_64_TO_32_BIT_CONVERSION = YES;
				GCC_WARN_ABOUT_RETURN_TYPE = YES_ERROR;
				GCC_WARN_UNDECLARED_SELECTOR = YES;
				GCC_WARN_UNINITIALIZED_AUTOS = YES_AGGRESSIVE;
				GCC_WARN_UNUSED_FUNCTION = YES;
				GCC_WARN_UNUSED_VARIABLE = YES;
				IPHONEOS_DEPLOYMENT_TARGET = 10.3;
				MTL_ENABLE_DEBUG_INFO = NO;
				SDKROOT = iphoneos;
				SWIFT_OPTIMIZATION_LEVEL = "-Owholemodule";
				TARGETED_DEVICE_FAMILY = "1,2";
				VALIDATE_PRODUCT = YES;
			};
			name = Release;
		};
		ECC3AD941EC33E150068692B /* Debug */ = {
			isa = XCBuildConfiguration;
			buildSettings = {
				ASSETCATALOG_COMPILER_APPICON_NAME = AppIcon;
				INFOPLIST_FILE = 01_Deviner/Info.plist;
				LD_RUNPATH_SEARCH_PATHS = "$(inherited) @executable_path/Frameworks";
				PRODUCT_BUNDLE_IDENTIFIER = "com.etudiant.-1-Deviner";
				PRODUCT_NAME = "$(TARGET_NAME)";
				SWIFT_VERSION = 3.0;
			};
			name = Debug;
		};
		ECC3AD951EC33E150068692B /* Release */ = {
			isa = XCBuildConfiguration;
			buildSettings = {
				ASSETCATALOG_COMPILER_APPICON_NAME = AppIcon;
				INFOPLIST_FILE = 01_Deviner/Info.plist;
				LD_RUNPATH_SEARCH_PATHS = "$(inherited) @executable_path/Frameworks";
				PRODUCT_BUNDLE_IDENTIFIER = "com.etudiant.-1-Deviner";
				PRODUCT_NAME = "$(TARGET_NAME)";
				SWIFT_VERSION = 3.0;
			};
			name = Release;
		};
/* End XCBuildConfiguration section */

/* Begin XCConfigurationList section */
		ECC3AD7C1EC33E150068692B /* Build configuration list for PBXProject "01_Deviner" */ = {
			isa = XCConfigurationList;
			buildConfigurations = (
				ECC3AD911EC33E150068692B /* Debug */,
				ECC3AD921EC33E150068692B /* Release */,
			);
			defaultConfigurationIsVisible = 0;
			defaultConfigurationName = Release;
		};
		ECC3AD931EC33E150068692B /* Build configuration list for PBXNativeTarget "01_Deviner" */ = {
			isa = XCConfigurationList;
			buildConfigurations = (
				ECC3AD941EC33E150068692B /* Debug */,
				ECC3AD951EC33E150068692B /* Release */,
			);
			defaultConfigurationIsVisible = 0;
		};
/* End XCConfigurationList section */
	};
	rootObject = ECC3AD791EC33E150068692B /* Project object */;
}
