// !$*UTF8*$!
{
	archiveVersion = 1;
	classes = {
	};
	objectVersion = 46;
	objects = {

/* Begin PBXBuildFile section */
		EC516B3A1E9F8D8A00B6F088 /* main.m in Sources */ = {isa = PBXBuildFile; fileRef = EC516B391E9F8D8A00B6F088 /* main.m */; };
		EC516B3D1E9F8D8A00B6F088 /* AppDelegate.m in Sources */ = {isa = PBXBuildFile; fileRef = EC516B3C1E9F8D8A00B6F088 /* AppDelegate.m */; };
		EC516B401E9F8D8A00B6F088 /* ViewController.m in Sources */ = {isa = PBXBuildFile; fileRef = EC516B3F1E9F8D8A00B6F088 /* ViewController.m */; };
		EC516B431E9F8D8A00B6F088 /* Main.storyboard in Resources */ = {isa = PBXBuildFile; fileRef = EC516B411E9F8D8A00B6F088 /* Main.storyboard */; };
		EC516B451E9F8D8A00B6F088 /* Assets.xcassets in Resources */ = {isa = PBXBuildFile; fileRef = EC516B441E9F8D8A00B6F088 /* Assets.xcassets */; };
		EC516B481E9F8D8A00B6F088 /* LaunchScreen.storyboard in Resources */ = {isa = PBXBuildFile; fileRef = EC516B461E9F8D8A00B6F088 /* LaunchScreen.storyboard */; };
/* End PBXBuildFile section */

/* Begin PBXFileReference section */
		EC516B351E9F8D8A00B6F088 /* 07_numbers.app */ = {isa = PBXFileReference; explicitFileType = wrapper.application; includeInIndex = 0; path = 07_numbers.app; sourceTree = BUILT_PRODUCTS_DIR; };
		EC516B391E9F8D8A00B6F088 /* main.m */ = {isa = PBXFileReference; lastKnownFileType = sourcecode.c.objc; path = main.m; sourceTree = "<group>"; };
		EC516B3B1E9F8D8A00B6F088 /* AppDelegate.h */ = {isa = PBXFileReference; lastKnownFileType = sourcecode.c.h; path = AppDelegate.h; sourceTree = "<group>"; };
		EC516B3C1E9F8D8A00B6F088 /* AppDelegate.m */ = {isa = PBXFileReference; lastKnownFileType = sourcecode.c.objc; path = AppDelegate.m; sourceTree = "<group>"; };
		EC516B3E1E9F8D8A00B6F088 /* ViewController.h */ = {isa = PBXFileReference; lastKnownFileType = sourcecode.c.h; path = ViewController.h; sourceTree = "<group>"; };
		EC516B3F1E9F8D8A00B6F088 /* ViewController.m */ = {isa = PBXFileReference; lastKnownFileType = sourcecode.c.objc; path = ViewController.m; sourceTree = "<group>"; };
		EC516B421E9F8D8A00B6F088 /* Base */ = {isa = PBXFileReference; lastKnownFileType = file.storyboard; name = Base; path = Base.lproj/Main.storyboard; sourceTree = "<group>"; };
		EC516B441E9F8D8A00B6F088 /* Assets.xcassets */ = {isa = PBXFileReference; lastKnownFileType = folder.assetcatalog; path = Assets.xcassets; sourceTree = "<group>"; };
		EC516B471E9F8D8A00B6F088 /* Base */ = {isa = PBXFileReference; lastKnownFileType = file.storyboard; name = Base; path = Base.lproj/LaunchScreen.storyboard; sourceTree = "<group>"; };
		EC516B491E9F8D8B00B6F088 /* Info.plist */ = {isa = PBXFileReference; lastKnownFileType = text.plist.xml; path = Info.plist; sourceTree = "<group>"; };
/* End PBXFileReference section */

/* Begin PBXFrameworksBuildPhase section */
		EC516B321E9F8D8A00B6F088 /* Frameworks */ = {
			isa = PBXFrameworksBuildPhase;
			buildActionMask = 2147483647;
			files = (
			);
			runOnlyForDeploymentPostprocessing = 0;
		};
/* End PBXFrameworksBuildPhase section */

/* Begin PBXGroup section */
		EC516B2C1E9F8D8A00B6F088 = {
			isa = PBXGroup;
			children = (
				EC516B371E9F8D8A00B6F088 /* 07_numbers */,
				EC516B361E9F8D8A00B6F088 /* Products */,
			);
			sourceTree = "<group>";
		};
		EC516B361E9F8D8A00B6F088 /* Products */ = {
			isa = PBXGroup;
			children = (
				EC516B351E9F8D8A00B6F088 /* 07_numbers.app */,
			);
			name = Products;
			sourceTree = "<group>";
		};
		EC516B371E9F8D8A00B6F088 /* 07_numbers */ = {
			isa = PBXGroup;
			children = (
				EC516B3B1E9F8D8A00B6F088 /* AppDelegate.h */,
				EC516B3C1E9F8D8A00B6F088 /* AppDelegate.m */,
				EC516B3E1E9F8D8A00B6F088 /* ViewController.h */,
				EC516B3F1E9F8D8A00B6F088 /* ViewController.m */,
				EC516B411E9F8D8A00B6F088 /* Main.storyboard */,
				EC516B441E9F8D8A00B6F088 /* Assets.xcassets */,
				EC516B461E9F8D8A00B6F088 /* LaunchScreen.storyboard */,
				EC516B491E9F8D8B00B6F088 /* Info.plist */,
				EC516B381E9F8D8A00B6F088 /* Supporting Files */,
			);
			path = 07_numbers;
			sourceTree = "<group>";
		};
		EC516B381E9F8D8A00B6F088 /* Supporting Files */ = {
			isa = PBXGroup;
			children = (
				EC516B391E9F8D8A00B6F088 /* main.m */,
			);
			name = "Supporting Files";
			sourceTree = "<group>";
		};
/* End PBXGroup section */

/* Begin PBXNativeTarget section */
		EC516B341E9F8D8A00B6F088 /* 07_numbers */ = {
			isa = PBXNativeTarget;
			buildConfigurationList = EC516B4C1E9F8D8B00B6F088 /* Build configuration list for PBXNativeTarget "07_numbers" */;
			buildPhases = (
				EC516B311E9F8D8A00B6F088 /* Sources */,
				EC516B321E9F8D8A00B6F088 /* Frameworks */,
				EC516B331E9F8D8A00B6F088 /* Resources */,
			);
			buildRules = (
			);
			dependencies = (
			);
			name = 07_numbers;
			productName = 07_numbers;
			productReference = EC516B351E9F8D8A00B6F088 /* 07_numbers.app */;
			productType = "com.apple.product-type.application";
		};
/* End PBXNativeTarget section */

/* Begin PBXProject section */
		EC516B2D1E9F8D8A00B6F088 /* Project object */ = {
			isa = PBXProject;
			attributes = {
				LastUpgradeCheck = 0830;
				ORGANIZATIONNAME = etudiant;
				TargetAttributes = {
					EC516B341E9F8D8A00B6F088 = {
						CreatedOnToolsVersion = 8.3;
						ProvisioningStyle = Automatic;
					};
				};
			};
			buildConfigurationList = EC516B301E9F8D8A00B6F088 /* Build configuration list for PBXProject "07_numbers" */;
			compatibilityVersion = "Xcode 3.2";
			developmentRegion = English;
			hasScannedForEncodings = 0;
			knownRegions = (
				en,
				Base,
			);
			mainGroup = EC516B2C1E9F8D8A00B6F088;
			productRefGroup = EC516B361E9F8D8A00B6F088 /* Products */;
			projectDirPath = "";
			projectRoot = "";
			targets = (
				EC516B341E9F8D8A00B6F088 /* 07_numbers */,
			);
		};
/* End PBXProject section */

/* Begin PBXResourcesBuildPhase section */
		EC516B331E9F8D8A00B6F088 /* Resources */ = {
			isa = PBXResourcesBuildPhase;
			buildActionMask = 2147483647;
			files = (
				EC516B481E9F8D8A00B6F088 /* LaunchScreen.storyboard in Resources */,
				EC516B451E9F8D8A00B6F088 /* Assets.xcassets in Resources */,
				EC516B431E9F8D8A00B6F088 /* Main.storyboard in Resources */,
			);
			runOnlyForDeploymentPostprocessing = 0;
		};
/* End PBXResourcesBuildPhase section */

/* Begin PBXSourcesBuildPhase section */
		EC516B311E9F8D8A00B6F088 /* Sources */ = {
			isa = PBXSourcesBuildPhase;
			buildActionMask = 2147483647;
			files = (
				EC516B401E9F8D8A00B6F088 /* ViewController.m in Sources */,
				EC516B3D1E9F8D8A00B6F088 /* AppDelegate.m in Sources */,
				EC516B3A1E9F8D8A00B6F088 /* main.m in Sources */,
			);
			runOnlyForDeploymentPostprocessing = 0;
		};
/* End PBXSourcesBuildPhase section */

/* Begin PBXVariantGroup section */
		EC516B411E9F8D8A00B6F088 /* Main.storyboard */ = {
			isa = PBXVariantGroup;
			children = (
				EC516B421E9F8D8A00B6F088 /* Base */,
			);
			name = Main.storyboard;
			sourceTree = "<group>";
		};
		EC516B461E9F8D8A00B6F088 /* LaunchScreen.storyboard */ = {
			isa = PBXVariantGroup;
			children = (
				EC516B471E9F8D8A00B6F088 /* Base */,
			);
			name = LaunchScreen.storyboard;
			sourceTree = "<group>";
		};
/* End PBXVariantGroup section */

/* Begin XCBuildConfiguration section */
		EC516B4A1E9F8D8B00B6F088 /* Debug */ = {
			isa = XCBuildConfiguration;
			buildSettings = {
				ALWAYS_SEARCH_USER_PATHS = NO;
				CLANG_ANALYZER_NONNULL = YES;
				CLANG_ANALYZER_NUMBER_OBJECT_CONVERSION = YES_AGGRESSIVE;
				CLANG_CXX_LANGUAGE_STANDARD = "gnu++0x";
				CLANG_CXX_LIBRARY = "libc++";
				CLANG_ENABLE_MODULES = YES;
				CLANG_ENABLE_OBJC_ARC = YES;
				CLANG_WARN_BOOL_CONVERSION = YES;
				CLANG_WARN_CONSTANT_CONVERSION = YES;
				CLANG_WARN_DIRECT_OBJC_ISA_USAGE = YES_ERROR;
				CLANG_WARN_DOCUMENTATION_COMMENTS = YES;
				CLANG_WARN_EMPTY_BODY = YES;
				CLANG_WARN_ENUM_CONVERSION = YES;
				CLANG_WARN_INFINITE_RECURSION = YES;
				CLANG_WARN_INT_CONVERSION = YES;
				CLANG_WARN_OBJC_ROOT_CLASS = YES_ERROR;
				CLANG_WARN_SUSPICIOUS_MOVE = YES;
				CLANG_WARN_UNREACHABLE_CODE = YES;
				CLANG_WARN__DUPLICATE_METHOD_MATCH = YES;
				"CODE_SIGN_IDENTITY[sdk=iphoneos*]" = "iPhone Developer";
				COPY_PHASE_STRIP = NO;
				DEBUG_INFORMATION_FORMAT = dwarf;
				ENABLE_STRICT_OBJC_MSGSEND = YES;
				ENABLE_TESTABILITY = YES;
				GCC_C_LANGUAGE_STANDARD = gnu99;
				GCC_DYNAMIC_NO_PIC = NO;
				GCC_NO_COMMON_BLOCKS = YES;
				GCC_OPTIMIZATION_LEVEL = 0;
				GCC_PREPROCESSOR_DEFINITIONS = (
					"DEBUG=1",
					"$(inherited)",
				);
				GCC_WARN_64_TO_32_BIT_CONVERSION = YES;
				GCC_WARN_ABOUT_RETURN_TYPE = YES_ERROR;
				GCC_WARN_UNDECLARED_SELECTOR = YES;
				GCC_WARN_UNINITIALIZED_AUTOS = YES_AGGRESSIVE;
				GCC_WARN_UNUSED_FUNCTION = YES;
				GCC_WARN_UNUSED_VARIABLE = YES;
				IPHONEOS_DEPLOYMENT_TARGET = 10.3;
				MTL_ENABLE_DEBUG_INFO = YES;
				ONLY_ACTIVE_ARCH = YES;
				SDKROOT = iphoneos;
				TARGETED_DEVICE_FAMILY = "1,2";
			};
			name = Debug;
		};
		EC516B4B1E9F8D8B00B6F088 /* Release */ = {
			isa = XCBuildConfiguration;
			buildSettings = {
				ALWAYS_SEARCH_USER_PATHS = NO;
				CLANG_ANALYZER_NONNULL = YES;
				CLANG_ANALYZER_NUMBER_OBJECT_CONVERSION = YES_AGGRESSIVE;
				CLANG_CXX_LANGUAGE_STANDARD = "gnu++0x";
				CLANG_CXX_LIBRARY = "libc++";
				CLANG_ENABLE_MODULES = YES;
				CLANG_ENABLE_OBJC_ARC = YES;
				CLANG_WARN_BOOL_CONVERSION = YES;
				CLANG_WARN_CONSTANT_CONVERSION = YES;
				CLANG_WARN_DIRECT_OBJC_ISA_USAGE = YES_ERROR;
				CLANG_WARN_DOCUMENTATION_COMMENTS = YES;
				CLANG_WARN_EMPTY_BODY = YES;
				CLANG_WARN_ENUM_CONVERSION = YES;
				CLANG_WARN_INFINITE_RECURSION = YES;
				CLANG_WARN_INT_CONVERSION = YES;
				CLANG_WARN_OBJC_ROOT_CLASS = YES_ERROR;
				CLANG_WARN_SUSPICIOUS_MOVE = YES;
				CLANG_WARN_UNREACHABLE_CODE = YES;
				CLANG_WARN__DUPLICATE_METHOD_MATCH = YES;
				"CODE_SIGN_IDENTITY[sdk=iphoneos*]" = "iPhone Developer";
				COPY_PHASE_STRIP = NO;
				DEBUG_INFORMATION_FORMAT = "dwarf-with-dsym";
				ENABLE_NS_ASSERTIONS = NO;
				ENABLE_STRICT_OBJC_MSGSEND = YES;
				GCC_C_LANGUAGE_STANDARD = gnu99;
				GCC_NO_COMMON_BLOCKS = YES;
				GCC_WARN_64_TO_32_BIT_CONVERSION = YES;
				GCC_WARN_ABOUT_RETURN_TYPE = YES_ERROR;
				GCC_WARN_UNDECLARED_SELECTOR = YES;
				GCC_WARN_UNINITIALIZED_AUTOS = YES_AGGRESSIVE;
				GCC_WARN_UNUSED_FUNCTION = YES;
				GCC_WARN_UNUSED_VARIABLE = YES;
				IPHONEOS_DEPLOYMENT_TARGET = 10.3;
				MTL_ENABLE_DEBUG_INFO = NO;
				SDKROOT = iphoneos;
				TARGETED_DEVICE_FAMILY = "1,2";
				VALIDATE_PRODUCT = YES;
			};
			name = Release;
		};
		EC516B4D1E9F8D8B00B6F088 /* Debug */ = {
			isa = XCBuildConfiguration;
			buildSettings = {
				ASSETCATALOG_COMPILER_APPICON_NAME = AppIcon;
				INFOPLIST_FILE = 07_numbers/Info.plist;
				LD_RUNPATH_SEARCH_PATHS = "$(inherited) @executable_path/Frameworks";
				PRODUCT_BUNDLE_IDENTIFIER = "com.etudiant.-7-numbers";
				PRODUCT_NAME = "$(TARGET_NAME)";
			};
			name = Debug;
		};
		EC516B4E1E9F8D8B00B6F088 /* Release */ = {
			isa = XCBuildConfiguration;
			buildSettings = {
				ASSETCATALOG_COMPILER_APPICON_NAME = AppIcon;
				INFOPLIST_FILE = 07_numbers/Info.plist;
				LD_RUNPATH_SEARCH_PATHS = "$(inherited) @executable_path/Frameworks";
				PRODUCT_BUNDLE_IDENTIFIER = "com.etudiant.-7-numbers";
				PRODUCT_NAME = "$(TARGET_NAME)";
			};
			name = Release;
		};
/* End XCBuildConfiguration section */

/* Begin XCConfigurationList section */
		EC516B301E9F8D8A00B6F088 /* Build configuration list for PBXProject "07_numbers" */ = {
			isa = XCConfigurationList;
			buildConfigurations = (
				EC516B4A1E9F8D8B00B6F088 /* Debug */,
				EC516B4B1E9F8D8B00B6F088 /* Release */,
			);
			defaultConfigurationIsVisible = 0;
			defaultConfigurationName = Release;
		};
		EC516B4C1E9F8D8B00B6F088 /* Build configuration list for PBXNativeTarget "07_numbers" */ = {
			isa = XCConfigurationList;
			buildConfigurations = (
				EC516B4D1E9F8D8B00B6F088 /* Debug */,
				EC516B4E1E9F8D8B00B6F088 /* Release */,
			);
			defaultConfigurationIsVisible = 0;
		};
/* End XCConfigurationList section */
	};
	rootObject = EC516B2D1E9F8D8A00B6F088 /* Project object */;
}
