// !$*UTF8*$!
{
	archiveVersion = 1;
	classes = {
	};
	objectVersion = 46;
	objects = {

/* Begin PBXBuildFile section */
		ECFA468B1EC45C2D0062420F /* AppDelegate.swift in Sources */ = {isa = PBXBuildFile; fileRef = ECFA468A1EC45C2D0062420F /* AppDelegate.swift */; };
		ECFA468D1EC45C2D0062420F /* ViewController.swift in Sources */ = {isa = PBXBuildFile; fileRef = ECFA468C1EC45C2D0062420F /* ViewController.swift */; };
		ECFA46901EC45C2D0062420F /* Main.storyboard in Resources */ = {isa = PBXBuildFile; fileRef = ECFA468E1EC45C2D0062420F /* Main.storyboard */; };
		ECFA46921EC45C2D0062420F /* Assets.xcassets in Resources */ = {isa = PBXBuildFile; fileRef = ECFA46911EC45C2D0062420F /* Assets.xcassets */; };
		ECFA46951EC45C2D0062420F /* LaunchScreen.storyboard in Resources */ = {isa = PBXBuildFile; fileRef = ECFA46931EC45C2D0062420F /* LaunchScreen.storyboard */; };
/* End PBXBuildFile section */

/* Begin PBXFileReference section */
		ECFA46871EC45C2D0062420F /* 03_FirstResponder.app */ = {isa = PBXFileReference; explicitFileType = wrapper.application; includeInIndex = 0; path = 03_FirstResponder.app; sourceTree = BUILT_PRODUCTS_DIR; };
		ECFA468A1EC45C2D0062420F /* AppDelegate.swift */ = {isa = PBXFileReference; lastKnownFileType = sourcecode.swift; path = AppDelegate.swift; sourceTree = "<group>"; };
		ECFA468C1EC45C2D0062420F /* ViewController.swift */ = {isa = PBXFileReference; lastKnownFileType = sourcecode.swift; path = ViewController.swift; sourceTree = "<group>"; };
		ECFA468F1EC45C2D0062420F /* Base */ = {isa = PBXFileReference; lastKnownFileType = file.storyboard; name = Base; path = Base.lproj/Main.storyboard; sourceTree = "<group>"; };
		ECFA46911EC45C2D0062420F /* Assets.xcassets */ = {isa = PBXFileReference; lastKnownFileType = folder.assetcatalog; path = Assets.xcassets; sourceTree = "<group>"; };
		ECFA46941EC45C2D0062420F /* Base */ = {isa = PBXFileReference; lastKnownFileType = file.storyboard; name = Base; path = Base.lproj/LaunchScreen.storyboard; sourceTree = "<group>"; };
		ECFA46961EC45C2D0062420F /* Info.plist */ = {isa = PBXFileReference; lastKnownFileType = text.plist.xml; path = Info.plist; sourceTree = "<group>"; };
/* End PBXFileReference section */

/* Begin PBXFrameworksBuildPhase section */
		ECFA46841EC45C2D0062420F /* Frameworks */ = {
			isa = PBXFrameworksBuildPhase;
			buildActionMask = 2147483647;
			files = (
			);
			runOnlyForDeploymentPostprocessing = 0;
		};
/* End PBXFrameworksBuildPhase section */

/* Begin PBXGroup section */
		ECFA467E1EC45C2D0062420F = {
			isa = PBXGroup;
			children = (
				ECFA46891EC45C2D0062420F /* 03_FirstResponder */,
				ECFA46881EC45C2D0062420F /* Products */,
			);
			sourceTree = "<group>";
		};
		ECFA46881EC45C2D0062420F /* Products */ = {
			isa = PBXGroup;
			children = (
				ECFA46871EC45C2D0062420F /* 03_FirstResponder.app */,
			);
			name = Products;
			sourceTree = "<group>";
		};
		ECFA46891EC45C2D0062420F /* 03_FirstResponder */ = {
			isa = PBXGroup;
			children = (
				ECFA468A1EC45C2D0062420F /* AppDelegate.swift */,
				ECFA468C1EC45C2D0062420F /* ViewController.swift */,
				ECFA468E1EC45C2D0062420F /* Main.storyboard */,
				ECFA46911EC45C2D0062420F /* Assets.xcassets */,
				ECFA46931EC45C2D0062420F /* LaunchScreen.storyboard */,
				ECFA46961EC45C2D0062420F /* Info.plist */,
			);
			path = 03_FirstResponder;
			sourceTree = "<group>";
		};
/* End PBXGroup section */

/* Begin PBXNativeTarget section */
		ECFA46861EC45C2D0062420F /* 03_FirstResponder */ = {
			isa = PBXNativeTarget;
			buildConfigurationList = ECFA46991EC45C2D0062420F /* Build configuration list for PBXNativeTarget "03_FirstResponder" */;
			buildPhases = (
				ECFA46831EC45C2D0062420F /* Sources */,
				ECFA46841EC45C2D0062420F /* Frameworks */,
				ECFA46851EC45C2D0062420F /* Resources */,
			);
			buildRules = (
			);
			dependencies = (
			);
			name = 03_FirstResponder;
			productName = 03_FirstResponder;
			productReference = ECFA46871EC45C2D0062420F /* 03_FirstResponder.app */;
			productType = "com.apple.product-type.application";
		};
/* End PBXNativeTarget section */

/* Begin PBXProject section */
		ECFA467F1EC45C2D0062420F /* Project object */ = {
			isa = PBXProject;
			attributes = {
				LastSwiftUpdateCheck = 0830;
				LastUpgradeCheck = 0830;
				ORGANIZATIONNAME = etudiant;
				TargetAttributes = {
					ECFA46861EC45C2D0062420F = {
						CreatedOnToolsVersion = 8.3;
						ProvisioningStyle = Automatic;
					};
				};
			};
			buildConfigurationList = ECFA46821EC45C2D0062420F /* Build configuration list for PBXProject "03_FirstResponder" */;
			compatibilityVersion = "Xcode 3.2";
			developmentRegion = English;
			hasScannedForEncodings = 0;
			knownRegions = (
				en,
				Base,
			);
			mainGroup = ECFA467E1EC45C2D0062420F;
			productRefGroup = ECFA46881EC45C2D0062420F /* Products */;
			projectDirPath = "";
			projectRoot = "";
			targets = (
				ECFA46861EC45C2D0062420F /* 03_FirstResponder */,
			);
		};
/* End PBXProject section */

/* Begin PBXResourcesBuildPhase section */
		ECFA46851EC45C2D0062420F /* Resources */ = {
			isa = PBXResourcesBuildPhase;
			buildActionMask = 2147483647;
			files = (
				ECFA46951EC45C2D0062420F /* LaunchScreen.storyboard in Resources */,
				ECFA46921EC45C2D0062420F /* Assets.xcassets in Resources */,
				ECFA46901EC45C2D0062420F /* Main.storyboard in Resources */,
			);
			runOnlyForDeploymentPostprocessing = 0;
		};
/* End PBXResourcesBuildPhase section */

/* Begin PBXSourcesBuildPhase section */
		ECFA46831EC45C2D0062420F /* Sources */ = {
			isa = PBXSourcesBuildPhase;
			buildActionMask = 2147483647;
			files = (
				ECFA468D1EC45C2D0062420F /* ViewController.swift in Sources */,
				ECFA468B1EC45C2D0062420F /* AppDelegate.swift in Sources */,
			);
			runOnlyForDeploymentPostprocessing = 0;
		};
/* End PBXSourcesBuildPhase section */

/* Begin PBXVariantGroup section */
		ECFA468E1EC45C2D0062420F /* Main.storyboard */ = {
			isa = PBXVariantGroup;
			children = (
				ECFA468F1EC45C2D0062420F /* Base */,
			);
			name = Main.storyboard;
			sourceTree = "<group>";
		};
		ECFA46931EC45C2D0062420F /* LaunchScreen.storyboard */ = {
			isa = PBXVariantGroup;
			children = (
				ECFA46941EC45C2D0062420F /* Base */,
			);
			name = LaunchScreen.storyboard;
			sourceTree = "<group>";
		};
/* End PBXVariantGroup section */

/* Begin XCBuildConfiguration section */
		ECFA46971EC45C2D0062420F /* Debug */ = {
			isa = XCBuildConfiguration;
			buildSettings = {
				ALWAYS_SEARCH_USER_PATHS = NO;
				CLANG_ANALYZER_NONNULL = YES;
				CLANG_ANALYZER_NUMBER_OBJECT_CONVERSION = YES_AGGRESSIVE;
				CLANG_CXX_LANGUAGE_STANDARD = "gnu++0x";
				CLANG_CXX_LIBRARY = "libc++";
				CLANG_ENABLE_MODULES = YES;
				CLANG_ENABLE_OBJC_ARC = YES;
				CLANG_WARN_BOOL_CONVERSION = YES;
				CLANG_WARN_CONSTANT_CONVERSION = YES;
				CLANG_WARN_DIRECT_OBJC_ISA_USAGE = YES_ERROR;
				CLANG_WARN_DOCUMENTATION_COMMENTS = YES;
				CLANG_WARN_EMPTY_BODY = YES;
				CLANG_WARN_ENUM_CONVERSION = YES;
				CLANG_WARN_INFINITE_RECURSION = YES;
				CLANG_WARN_INT_CONVERSION = YES;
				CLANG_WARN_OBJC_ROOT_CLASS = YES_ERROR;
				CLANG_WARN_SUSPICIOUS_MOVE = YES;
				CLANG_WARN_UNREACHABLE_CODE = YES;
				CLANG_WARN__DUPLICATE_METHOD_MATCH = YES;
				"CODE_SIGN_IDENTITY[sdk=iphoneos*]" = "iPhone Developer";
				COPY_PHASE_STRIP = NO;
				DEBUG_INFORMATION_FORMAT = dwarf;
				ENABLE_STRICT_OBJC_MSGSEND = YES;
				ENABLE_TESTABILITY = YES;
				GCC_C_LANGUAGE_STANDARD = gnu99;
				GCC_DYNAMIC_NO_PIC = NO;
				GCC_NO_COMMON_BLOCKS = YES;
				GCC_OPTIMIZATION_LEVEL = 0;
				GCC_PREPROCESSOR_DEFINITIONS = (
					"DEBUG=1",
					"$(inherited)",
				);
				GCC_WARN_64_TO_32_BIT_CONVERSION = YES;
				GCC_WARN_ABOUT_RETURN_TYPE = YES_ERROR;
				GCC_WARN_UNDECLARED_SELECTOR = YES;
				GCC_WARN_UNINITIALIZED_AUTOS = YES_AGGRESSIVE;
				GCC_WARN_UNUSED_FUNCTION = YES;
				GCC_WARN_UNUSED_VARIABLE = YES;
				IPHONEOS_DEPLOYMENT_TARGET = 10.3;
				MTL_ENABLE_DEBUG_INFO = YES;
				ONLY_ACTIVE_ARCH = YES;
				SDKROOT = iphoneos;
				SWIFT_ACTIVE_COMPILATION_CONDITIONS = DEBUG;
				SWIFT_OPTIMIZATION_LEVEL = "-Onone";
				TARGETED_DEVICE_FAMILY = "1,2";
			};
			name = Debug;
		};
		ECFA46981EC45C2D0062420F /* Release */ = {
			isa = XCBuildConfiguration;
			buildSettings = {
				ALWAYS_SEARCH_USER_PATHS = NO;
				CLANG_ANALYZER_NONNULL = YES;
				CLANG_ANALYZER_NUMBER_OBJECT_CONVERSION = YES_AGGRESSIVE;
				CLANG_CXX_LANGUAGE_STANDARD = "gnu++0x";
				CLANG_CXX_LIBRARY = "libc++";
				CLANG_ENABLE_MODULES = YES;
				CLANG_ENABLE_OBJC_ARC = YES;
				CLANG_WARN_BOOL_CONVERSION = YES;
				CLANG_WARN_CONSTANT_CONVERSION = YES;
				CLANG_WARN_DIRECT_OBJC_ISA_USAGE = YES_ERROR;
				CLANG_WARN_DOCUMENTATION_COMMENTS = YES;
				CLANG_WARN_EMPTY_BODY = YES;
				CLANG_WARN_ENUM_CONVERSION = YES;
				CLANG_WARN_INFINITE_RECURSION = YES;
				CLANG_WARN_INT_CONVERSION = YES;
				CLANG_WARN_OBJC_ROOT_CLASS = YES_ERROR;
				CLANG_WARN_SUSPICIOUS_MOVE = YES;
				CLANG_WARN_UNREACHABLE_CODE = YES;
				CLANG_WARN__DUPLICATE_METHOD_MATCH = YES;
				"CODE_SIGN_IDENTITY[sdk=iphoneos*]" = "iPhone Developer";
				COPY_PHASE_STRIP = NO;
				DEBUG_INFORMATION_FORMAT = "dwarf-with-dsym";
				ENABLE_NS_ASSERTIONS = NO;
				ENABLE_STRICT_OBJC_MSGSEND = YES;
				GCC_C_LANGUAGE_STANDARD = gnu99;
				GCC_NO_COMMON_BLOCKS = YES;
				GCC_WARN_64_TO_32_BIT_CONVERSION = YES;
				GCC_WARN_ABOUT_RETURN_TYPE = YES_ERROR;
				GCC_WARN_UNDECLARED_SELECTOR = YES;
				GCC_WARN_UNINITIALIZED_AUTOS = YES_AGGRESSIVE;
				GCC_WARN_UNUSED_FUNCTION = YES;
				GCC_WARN_UNUSED_VARIABLE = YES;
				IPHONEOS_DEPLOYMENT_TARGET = 10.3;
				MTL_ENABLE_DEBUG_INFO = NO;
				SDKROOT = iphoneos;
				SWIFT_OPTIMIZATION_LEVEL = "-Owholemodule";
				TARGETED_DEVICE_FAMILY = "1,2";
				VALIDATE_PRODUCT = YES;
			};
			name = Release;
		};
		ECFA469A1EC45C2D0062420F /* Debug */ = {
			isa = XCBuildConfiguration;
			buildSettings = {
				ASSETCATALOG_COMPILER_APPICON_NAME = AppIcon;
				INFOPLIST_FILE = 03_FirstResponder/Info.plist;
				LD_RUNPATH_SEARCH_PATHS = "$(inherited) @executable_path/Frameworks";
				PRODUCT_BUNDLE_IDENTIFIER = "com.etudiant.-3-FirstResponder";
				PRODUCT_NAME = "$(TARGET_NAME)";
				SWIFT_VERSION = 3.0;
			};
			name = Debug;
		};
		ECFA469B1EC45C2D0062420F /* Release */ = {
			isa = XCBuildConfiguration;
			buildSettings = {
				ASSETCATALOG_COMPILER_APPICON_NAME = AppIcon;
				INFOPLIST_FILE = 03_FirstResponder/Info.plist;
				LD_RUNPATH_SEARCH_PATHS = "$(inherited) @executable_path/Frameworks";
				PRODUCT_BUNDLE_IDENTIFIER = "com.etudiant.-3-FirstResponder";
				PRODUCT_NAME = "$(TARGET_NAME)";
				SWIFT_VERSION = 3.0;
			};
			name = Release;
		};
/* End XCBuildConfiguration section */

/* Begin XCConfigurationList section */
		ECFA46821EC45C2D0062420F /* Build configuration list for PBXProject "03_FirstResponder" */ = {
			isa = XCConfigurationList;
			buildConfigurations = (
				ECFA46971EC45C2D0062420F /* Debug */,
				ECFA46981EC45C2D0062420F /* Release */,
			);
			defaultConfigurationIsVisible = 0;
			defaultConfigurationName = Release;
		};
		ECFA46991EC45C2D0062420F /* Build configuration list for PBXNativeTarget "03_FirstResponder" */ = {
			isa = XCConfigurationList;
			buildConfigurations = (
				ECFA469A1EC45C2D0062420F /* Debug */,
				ECFA469B1EC45C2D0062420F /* Release */,
			);
			defaultConfigurationIsVisible = 0;
		};
/* End XCConfigurationList section */
	};
	rootObject = ECFA467F1EC45C2D0062420F /* Project object */;
}
